
Microsoft Visual Studio Solution File, Format Version 12.00
# Visual Studio Version 17
VisualStudioVersion = 17.8.34511.84
MinimumVisualStudioVersion = 10.0.40219.1
Project("{FAE04EC0-301F-11D3-BF4B-00C04F79EFBC}") = "Proxy", "Proxy.csproj", "{1C1AEEA6-6965-4548-8B64-5E4AB327A8C7}"
EndProject
Global
	GlobalSection(SolutionConfigurationPlatforms) = preSolution
		Debug|Any CPU = Debug|Any CPU
		Release|Any CPU = Release|Any CPU
	EndGlobalSection
	GlobalSection(ProjectConfigurationPlatforms) = postSolution
		{1C1AEEA6-6965-4548-8B64-5E4AB327A8C7}.Debug|Any CPU.ActiveCfg = Debug|Any CPU
		{1C1AEEA6-6965-4548-8B64-5E4AB327A8C7}.Debug|Any CPU.Build.0 = Debug|Any CPU
		{1C1AEEA6-6965-4548-8B64-5E4AB327A8C7}.Release|Any CPU.ActiveCfg = Release|Any CPU
		{1C1AEEA6-6965-4548-8B64-5E4AB327A8C7}.Release|Any CPU.Build.0 = Release|Any CPU
	EndGlobalSection
	GlobalSection(SolutionProperties) = preSolution
		HideSolutionNode = FALSE
	EndGlobalSection
	GlobalSection(ExtensibilityGlobals) = postSolution
		SolutionGuid = {634567A6-F0B9-421D-A5C2-28CBA2ECA46C}
	EndGlobalSection
EndGlobal
