
Microsoft Visual Studio Solution File, Format Version 12.00
# Visual Studio Version 17
VisualStudioVersion = 17.8.34511.84
MinimumVisualStudioVersion = 10.0.40219.1
Project("{FAE04EC0-301F-11D3-BF4B-00C04F79EFBC}") = "Decorator", "Decorator.csproj", "{A7FCA189-165C-428C-AE21-1E896E7FFD8B}"
EndProject
Global
	GlobalSection(SolutionConfigurationPlatforms) = preSolution
		Debug|Any CPU = Debug|Any CPU
		Release|Any CPU = Release|Any CPU
	EndGlobalSection
	GlobalSection(ProjectConfigurationPlatforms) = postSolution
		{A7FCA189-165C-428C-AE21-1E896E7FFD8B}.Debug|Any CPU.ActiveCfg = Debug|Any CPU
		{A7FCA189-165C-428C-AE21-1E896E7FFD8B}.Debug|Any CPU.Build.0 = Debug|Any CPU
		{A7FCA189-165C-428C-AE21-1E896E7FFD8B}.Release|Any CPU.ActiveCfg = Release|Any CPU
		{A7FCA189-165C-428C-AE21-1E896E7FFD8B}.Release|Any CPU.Build.0 = Release|Any CPU
	EndGlobalSection
	GlobalSection(SolutionProperties) = preSolution
		HideSolutionNode = FALSE
	EndGlobalSection
	GlobalSection(ExtensibilityGlobals) = postSolution
		SolutionGuid = {C01615E6-F7EF-4A2A-B620-74506FE196AE}
	EndGlobalSection
EndGlobal
